{
  "name": "opdaha-dataset",
  "version": "1.0.0",
  "lockfileVersion": 2,
  "requires": true,
  "packages": {
    "": {
      "name": "opdaha-dataset",
      "version": "1.0.0",
      "license": "ISC",
      "dependencies": {
        "@turf/centroid": "^6.5.0",
        "underscore": "^1.13.6"
      },
      "devDependencies": {
        "@types/turf": "^3.5.32"
      }
    },
    "node_modules/@turf/centroid": {
      "version": "6.5.0",
      "resolved": "https://registry.npmjs.org/@turf/centroid/-/centroid-6.5.0.tgz",
      "integrity": "sha512-MwE1oq5E3isewPprEClbfU5pXljIK/GUOMbn22UM3IFPDJX0KeoyLNwghszkdmFp/qMGL/M13MMWvU+GNLXP/A==",
      "dependencies": {
        "@turf/helpers": "^6.5.0",
        "@turf/meta": "^6.5.0"
      },
      "funding": {
        "url": "https://opencollective.com/turf"
      }
    },
    "node_modules/@turf/helpers": {
      "version": "6.5.0",
      "resolved": "https://registry.npmjs.org/@turf/helpers/-/helpers-6.5.0.tgz",
      "integrity": "sha512-VbI1dV5bLFzohYYdgqwikdMVpe7pJ9X3E+dlr425wa2/sMJqYDhTO++ec38/pcPvPE6oD9WEEeU3Xu3gza+VPw==",
      "funding": {
        "url": "https://opencollective.com/turf"
      }
    },
    "node_modules/@turf/meta": {
      "version": "6.5.0",
      "resolved": "https://registry.npmjs.org/@turf/meta/-/meta-6.5.0.tgz",
      "integrity": "sha512-RrArvtsV0vdsCBegoBtOalgdSOfkBrTJ07VkpiCnq/491W67hnMWmDu7e6Ztw0C3WldRYTXkg3SumfdzZxLBHA==",
      "dependencies": {
        "@turf/helpers": "^6.5.0"
      },
      "funding": {
        "url": "https://opencollective.com/turf"
      }
    },
    "node_modules/@types/geojson": {
      "version": "7946.0.10",
      "resolved": "https://registry.npmjs.org/@types/geojson/-/geojson-7946.0.10.tgz",
      "integrity": "sha512-Nmh0K3iWQJzniTuPRcJn5hxXkfB1T1pgB89SBig5PlJQU5yocazeu4jATJlaA0GYFKWMqDdvYemoSnF2pXgLVA==",
      "dev": true
    },
    "node_modules/@types/turf": {
      "version": "3.5.32",
      "resolved": "https://registry.npmjs.org/@types/turf/-/turf-3.5.32.tgz",
      "integrity": "sha512-2Rtv0EIG7Tx1CC2ASzCPw63ugCwrqJCFqNL/Gk9QYE5iIyd+0/S/TlPTgQ+qeQC8NCEn/TncUeZp+aM9cg68rg==",
      "deprecated": "'turf' has been deprecated in favor of '@turf/turf', which provides its own types.",
      "dev": true,
      "dependencies": {
        "@types/geojson": "*"
      }
    },
    "node_modules/underscore": {
      "version": "1.13.6",
      "resolved": "https://registry.npmjs.org/underscore/-/underscore-1.13.6.tgz",
      "integrity": "sha512-+A5Sja4HP1M08MaXya7p5LvjuM7K6q/2EaC0+iovj/wOcMsTzMvDFbasi/oSapiwOlt252IqsKqPjCl7huKS0A=="
    }
  },
  "dependencies": {
    "@turf/centroid": {
      "version": "6.5.0",
      "resolved": "https://registry.npmjs.org/@turf/centroid/-/centroid-6.5.0.tgz",
      "integrity": "sha512-MwE1oq5E3isewPprEClbfU5pXljIK/GUOMbn22UM3IFPDJX0KeoyLNwghszkdmFp/qMGL/M13MMWvU+GNLXP/A==",
      "requires": {
        "@turf/helpers": "^6.5.0",
        "@turf/meta": "^6.5.0"
      }
    },
    "@turf/helpers": {
      "version": "6.5.0",
      "resolved": "https://registry.npmjs.org/@turf/helpers/-/helpers-6.5.0.tgz",
      "integrity": "sha512-VbI1dV5bLFzohYYdgqwikdMVpe7pJ9X3E+dlr425wa2/sMJqYDhTO++ec38/pcPvPE6oD9WEEeU3Xu3gza+VPw=="
    },
    "@turf/meta": {
      "version": "6.5.0",
      "resolved": "https://registry.npmjs.org/@turf/meta/-/meta-6.5.0.tgz",
      "integrity": "sha512-RrArvtsV0vdsCBegoBtOalgdSOfkBrTJ07VkpiCnq/491W67hnMWmDu7e6Ztw0C3WldRYTXkg3SumfdzZxLBHA==",
      "requires": {
        "@turf/helpers": "^6.5.0"
      }
    },
    "@types/geojson": {
      "version": "7946.0.10",
      "resolved": "https://registry.npmjs.org/@types/geojson/-/geojson-7946.0.10.tgz",
      "integrity": "sha512-Nmh0K3iWQJzniTuPRcJn5hxXkfB1T1pgB89SBig5PlJQU5yocazeu4jATJlaA0GYFKWMqDdvYemoSnF2pXgLVA==",
      "dev": true
    },
    "@types/turf": {
      "version": "3.5.32",
      "resolved": "https://registry.npmjs.org/@types/turf/-/turf-3.5.32.tgz",
      "integrity": "sha512-2Rtv0EIG7Tx1CC2ASzCPw63ugCwrqJCFqNL/Gk9QYE5iIyd+0/S/TlPTgQ+qeQC8NCEn/TncUeZp+aM9cg68rg==",
      "dev": true,
      "requires": {
        "@types/geojson": "*"
      }
    },
    "underscore": {
      "version": "1.13.6",
      "resolved": "https://registry.npmjs.org/underscore/-/underscore-1.13.6.tgz",
      "integrity": "sha512-+A5Sja4HP1M08MaXya7p5LvjuM7K6q/2EaC0+iovj/wOcMsTzMvDFbasi/oSapiwOlt252IqsKqPjCl7huKS0A=="
    }
  }
}
